// !$*UTF8*$!
{
	archiveVersion = 1;
	classes = {
	};
	objectVersion = 50;
	objects = {

/* Begin PBXBuildFile section */
		BE39F4DE26D9035600912C5F /* AppDelegate.swift in Sources */ = {isa = PBXBuildFile; fileRef = BE39F4DD26D9035600912C5F /* AppDelegate.swift */; };
		BE39F4E026D9035600912C5F /* SceneDelegate.swift in Sources */ = {isa = PBXBuildFile; fileRef = BE39F4DF26D9035600912C5F /* SceneDelegate.swift */; };
		BE39F4E226D9035600912C5F /* ViewController.swift in Sources */ = {isa = PBXBuildFile; fileRef = BE39F4E126D9035600912C5F /* ViewController.swift */; };
		BE39F4E526D9035600912C5F /* Main.storyboard in Resources */ = {isa = PBXBuildFile; fileRef = BE39F4E326D9035600912C5F /* Main.storyboard */; };
		BE39F4E726D9035C00912C5F /* Assets.xcassets in Resources */ = {isa = PBXBuildFile; fileRef = BE39F4E626D9035C00912C5F /* Assets.xcassets */; };
		BE39F4EA26D9035C00912C5F /* LaunchScreen.storyboard in Resources */ = {isa = PBXBuildFile; fileRef = BE39F4E826D9035C00912C5F /* LaunchScreen.storyboard */; };
		BE575F7126DB6F31007B4686 /* WeatherConditionCollectionViewCell.swift in Sources */ = {isa = PBXBuildFile; fileRef = BE575F7026DB6F31007B4686 /* WeatherConditionCollectionViewCell.swift */; };
		BE575F7426DB70E7007B4686 /* CollectionViewManager.swift in Sources */ = {isa = PBXBuildFile; fileRef = BE575F7326DB70E7007B4686 /* CollectionViewManager.swift */; };
		BEF364A426DA54230030BB67 /* Constants.swift in Sources */ = {isa = PBXBuildFile; fileRef = BEF364A326DA54230030BB67 /* Constants.swift */; };
		BEF364A726DA54540030BB67 /* Extensions.swift in Sources */ = {isa = PBXBuildFile; fileRef = BEF364A626DA54540030BB67 /* Extensions.swift */; };
		BEF364AB26DA90070030BB67 /* Codables.swift in Sources */ = {isa = PBXBuildFile; fileRef = BEF364AA26DA90070030BB67 /* Codables.swift */; };
		BEF364AE26DAAE390030BB67 /* RequestManager.swift in Sources */ = {isa = PBXBuildFile; fileRef = BEF364AD26DAAE390030BB67 /* RequestManager.swift */; };
/* End PBXBuildFile section */

/* Begin PBXFileReference section */
		BE39F4DA26D9035600912C5F /* CityWeather.app */ = {isa = PBXFileReference; explicitFileType = wrapper.application; includeInIndex = 0; path = CityWeather.app; sourceTree = BUILT_PRODUCTS_DIR; };
		BE39F4DD26D9035600912C5F /* AppDelegate.swift */ = {isa = PBXFileReference; lastKnownFileType = sourcecode.swift; path = AppDelegate.swift; sourceTree = "<group>"; };
		BE39F4DF26D9035600912C5F /* SceneDelegate.swift */ = {isa = PBXFileReference; lastKnownFileType = sourcecode.swift; path = SceneDelegate.swift; sourceTree = "<group>"; };
		BE39F4E126D9035600912C5F /* ViewController.swift */ = {isa = PBXFileReference; lastKnownFileType = sourcecode.swift; path = ViewController.swift; sourceTree = "<group>"; };
		BE39F4E426D9035600912C5F /* Base */ = {isa = PBXFileReference; lastKnownFileType = file.storyboard; name = Base; path = Base.lproj/Main.storyboard; sourceTree = "<group>"; };
		BE39F4E626D9035C00912C5F /* Assets.xcassets */ = {isa = PBXFileReference; lastKnownFileType = folder.assetcatalog; path = Assets.xcassets; sourceTree = "<group>"; };
		BE39F4E926D9035C00912C5F /* Base */ = {isa = PBXFileReference; lastKnownFileType = file.storyboard; name = Base; path = Base.lproj/LaunchScreen.storyboard; sourceTree = "<group>"; };
		BE39F4EB26D9035C00912C5F /* Info.plist */ = {isa = PBXFileReference; lastKnownFileType = text.plist.xml; path = Info.plist; sourceTree = "<group>"; };
		BE575F7026DB6F31007B4686 /* WeatherConditionCollectionViewCell.swift */ = {isa = PBXFileReference; lastKnownFileType = sourcecode.swift; path = WeatherConditionCollectionViewCell.swift; sourceTree = "<group>"; };
		BE575F7326DB70E7007B4686 /* CollectionViewManager.swift */ = {isa = PBXFileReference; lastKnownFileType = sourcecode.swift; path = CollectionViewManager.swift; sourceTree = "<group>"; };
		BEF364A326DA54230030BB67 /* Constants.swift */ = {isa = PBXFileReference; lastKnownFileType = sourcecode.swift; path = Constants.swift; sourceTree = "<group>"; };
		BEF364A626DA54540030BB67 /* Extensions.swift */ = {isa = PBXFileReference; lastKnownFileType = sourcecode.swift; path = Extensions.swift; sourceTree = "<group>"; };
		BEF364AA26DA90070030BB67 /* Codables.swift */ = {isa = PBXFileReference; lastKnownFileType = sourcecode.swift; path = Codables.swift; sourceTree = "<group>"; };
		BEF364AD26DAAE390030BB67 /* RequestManager.swift */ = {isa = PBXFileReference; lastKnownFileType = sourcecode.swift; path = RequestManager.swift; sourceTree = "<group>"; };
/* End PBXFileReference section */

/* Begin PBXFrameworksBuildPhase section */
		BE39F4D726D9035600912C5F /* Frameworks */ = {
			isa = PBXFrameworksBuildPhase;
			buildActionMask = 2147483647;
			files = (
			);
			runOnlyForDeploymentPostprocessing = 0;
		};
/* End PBXFrameworksBuildPhase section */

/* Begin PBXGroup section */
		BE39F4D126D9035600912C5F = {
			isa = PBXGroup;
			children = (
				BE39F4DC26D9035600912C5F /* CityWeather */,
				BE39F4DB26D9035600912C5F /* Products */,
			);
			sourceTree = "<group>";
		};
		BE39F4DB26D9035600912C5F /* Products */ = {
			isa = PBXGroup;
			children = (
				BE39F4DA26D9035600912C5F /* CityWeather.app */,
			);
			name = Products;
			sourceTree = "<group>";
		};
		BE39F4DC26D9035600912C5F /* CityWeather */ = {
			isa = PBXGroup;
			children = (
				BE39F4DD26D9035600912C5F /* AppDelegate.swift */,
				BE39F4DF26D9035600912C5F /* SceneDelegate.swift */,
				BE39F4E126D9035600912C5F /* ViewController.swift */,
				BE39F4E326D9035600912C5F /* Main.storyboard */,
				BE39F4E626D9035C00912C5F /* Assets.xcassets */,
				BE39F4E826D9035C00912C5F /* LaunchScreen.storyboard */,
				BE39F4EB26D9035C00912C5F /* Info.plist */,
				BEF364A326DA54230030BB67 /* Constants.swift */,
				BEF364AD26DAAE390030BB67 /* RequestManager.swift */,
				BEF364A626DA54540030BB67 /* Extensions.swift */,
				BEF364AA26DA90070030BB67 /* Codables.swift */,
				BE575F7026DB6F31007B4686 /* WeatherConditionCollectionViewCell.swift */,
				BE575F7326DB70E7007B4686 /* CollectionViewManager.swift */,
			);
			path = CityWeather;
			sourceTree = "<group>";
		};
/* End PBXGroup section */

/* Begin PBXNativeTarget section */
		BE39F4D926D9035600912C5F /* CityWeather */ = {
			isa = PBXNativeTarget;
			buildConfigurationList = BE39F4EE26D9035C00912C5F /* Build configuration list for PBXNativeTarget "CityWeather" */;
			buildPhases = (
				BE39F4D626D9035600912C5F /* Sources */,
				BE39F4D726D9035600912C5F /* Frameworks */,
				BE39F4D826D9035600912C5F /* Resources */,
			);
			buildRules = (
			);
			dependencies = (
			);
			name = CityWeather;
			productName = CityWeather;
			productReference = BE39F4DA26D9035600912C5F /* CityWeather.app */;
			productType = "com.apple.product-type.application";
		};
/* End PBXNativeTarget section */

/* Begin PBXProject section */
		BE39F4D226D9035600912C5F /* Project object */ = {
			isa = PBXProject;
			attributes = {
				LastSwiftUpdateCheck = 1240;
				LastUpgradeCheck = 1240;
				TargetAttributes = {
					BE39F4D926D9035600912C5F = {
						CreatedOnToolsVersion = 12.4;
					};
				};
			};
			buildConfigurationList = BE39F4D526D9035600912C5F /* Build configuration list for PBXProject "CityWeather" */;
			compatibilityVersion = "Xcode 9.3";
			developmentRegion = en;
			hasScannedForEncodings = 0;
			knownRegions = (
				en,
				Base,
			);
			mainGroup = BE39F4D126D9035600912C5F;
			productRefGroup = BE39F4DB26D9035600912C5F /* Products */;
			projectDirPath = "";
			projectRoot = "";
			targets = (
				BE39F4D926D9035600912C5F /* CityWeather */,
			);
		};
/* End PBXProject section */

/* Begin PBXResourcesBuildPhase section */
		BE39F4D826D9035600912C5F /* Resources */ = {
			isa = PBXResourcesBuildPhase;
			buildActionMask = 2147483647;
			files = (
				BE39F4EA26D9035C00912C5F /* LaunchScreen.storyboard in Resources */,
				BE39F4E726D9035C00912C5F /* Assets.xcassets in Resources */,
				BE39F4E526D9035600912C5F /* Main.storyboard in Resources */,
			);
			runOnlyForDeploymentPostprocessing = 0;
		};
/* End PBXResourcesBuildPhase section */

/* Begin PBXSourcesBuildPhase section */
		BE39F4D626D9035600912C5F /* Sources */ = {
			isa = PBXSourcesBuildPhase;
			buildActionMask = 2147483647;
			files = (
				BEF364A726DA54540030BB67 /* Extensions.swift in Sources */,
				BE575F7126DB6F31007B4686 /* WeatherConditionCollectionViewCell.swift in Sources */,
				BE39F4E226D9035600912C5F /* ViewController.swift in Sources */,
				BE39F4DE26D9035600912C5F /* AppDelegate.swift in Sources */,
				BE39F4E026D9035600912C5F /* SceneDelegate.swift in Sources */,
				BEF364AE26DAAE390030BB67 /* RequestManager.swift in Sources */,
				BEF364AB26DA90070030BB67 /* Codables.swift in Sources */,
				BEF364A426DA54230030BB67 /* Constants.swift in Sources */,
				BE575F7426DB70E7007B4686 /* CollectionViewManager.swift in Sources */,
			);
			runOnlyForDeploymentPostprocessing = 0;
		};
/* End PBXSourcesBuildPhase section */

/* Begin PBXVariantGroup section */
		BE39F4E326D9035600912C5F /* Main.storyboard */ = {
			isa = PBXVariantGroup;
			children = (
				BE39F4E426D9035600912C5F /* Base */,
			);
			name = Main.storyboard;
			sourceTree = "<group>";
		};
		BE39F4E826D9035C00912C5F /* LaunchScreen.storyboard */ = {
			isa = PBXVariantGroup;
			children = (
				BE39F4E926D9035C00912C5F /* Base */,
			);
			name = LaunchScreen.storyboard;
			sourceTree = "<group>";
		};
/* End PBXVariantGroup section */

/* Begin XCBuildConfiguration section */
		BE39F4EC26D9035C00912C5F /* Debug */ = {
			isa = XCBuildConfiguration;
			buildSettings = {
				ALWAYS_SEARCH_USER_PATHS = NO;
				CLANG_ANALYZER_NONNULL = YES;
				CLANG_ANALYZER_NUMBER_OBJECT_CONVERSION = YES_AGGRESSIVE;
				CLANG_CXX_LANGUAGE_STANDARD = "gnu++14";
				CLANG_CXX_LIBRARY = "libc++";
				CLANG_ENABLE_MODULES = YES;
				CLANG_ENABLE_OBJC_ARC = YES;
				CLANG_ENABLE_OBJC_WEAK = YES;
				CLANG_WARN_BLOCK_CAPTURE_AUTORELEASING = YES;
				CLANG_WARN_BOOL_CONVERSION = YES;
				CLANG_WARN_COMMA = YES;
				CLANG_WARN_CONSTANT_CONVERSION = YES;
				CLANG_WARN_DEPRECATED_OBJC_IMPLEMENTATIONS = YES;
				CLANG_WARN_DIRECT_OBJC_ISA_USAGE = YES_ERROR;
				CLANG_WARN_DOCUMENTATION_COMMENTS = YES;
				CLANG_WARN_EMPTY_BODY = YES;
				CLANG_WARN_ENUM_CONVERSION = YES;
				CLANG_WARN_INFINITE_RECURSION = YES;
				CLANG_WARN_INT_CONVERSION = YES;
				CLANG_WARN_NON_LITERAL_NULL_CONVERSION = YES;
				CLANG_WARN_OBJC_IMPLICIT_RETAIN_SELF = YES;
				CLANG_WARN_OBJC_LITERAL_CONVERSION = YES;
				CLANG_WARN_OBJC_ROOT_CLASS = YES_ERROR;
				CLANG_WARN_QUOTED_INCLUDE_IN_FRAMEWORK_HEADER = YES;
				CLANG_WARN_RANGE_LOOP_ANALYSIS = YES;
				CLANG_WARN_STRICT_PROTOTYPES = YES;
				CLANG_WARN_SUSPICIOUS_MOVE = YES;
				CLANG_WARN_UNGUARDED_AVAILABILITY = YES_AGGRESSIVE;
				CLANG_WARN_UNREACHABLE_CODE = YES;
				CLANG_WARN__DUPLICATE_METHOD_MATCH = YES;
				COPY_PHASE_STRIP = NO;
				DEBUG_INFORMATION_FORMAT = dwarf;
				ENABLE_STRICT_OBJC_MSGSEND = YES;
				ENABLE_TESTABILITY = YES;
				GCC_C_LANGUAGE_STANDARD = gnu11;
				GCC_DYNAMIC_NO_PIC = NO;
				GCC_NO_COMMON_BLOCKS = YES;
				GCC_OPTIMIZATION_LEVEL = 0;
				GCC_PREPROCESSOR_DEFINITIONS = (
					"DEBUG=1",
					"$(inherited)",
				);
				GCC_WARN_64_TO_32_BIT_CONVERSION = YES;
				GCC_WARN_ABOUT_RETURN_TYPE = YES_ERROR;
				GCC_WARN_UNDECLARED_SELECTOR = YES;
				GCC_WARN_UNINITIALIZED_AUTOS = YES_AGGRESSIVE;
				GCC_WARN_UNUSED_FUNCTION = YES;
				GCC_WARN_UNUSED_VARIABLE = YES;
				IPHONEOS_DEPLOYMENT_TARGET = 14.4;
				MTL_ENABLE_DEBUG_INFO = INCLUDE_SOURCE;
				MTL_FAST_MATH = YES;
				ONLY_ACTIVE_ARCH = YES;
				SDKROOT = iphoneos;
				SWIFT_ACTIVE_COMPILATION_CONDITIONS = DEBUG;
				SWIFT_OPTIMIZATION_LEVEL = "-Onone";
			};
			name = Debug;
		};
		BE39F4ED26D9035C00912C5F /* Release */ = {
			isa = XCBuildConfiguration;
			buildSettings = {
				ALWAYS_SEARCH_USER_PATHS = NO;
				CLANG_ANALYZER_NONNULL = YES;
				CLANG_ANALYZER_NUMBER_OBJECT_CONVERSION = YES_AGGRESSIVE;
				CLANG_CXX_LANGUAGE_STANDARD = "gnu++14";
				CLANG_CXX_LIBRARY = "libc++";
				CLANG_ENABLE_MODULES = YES;
				CLANG_ENABLE_OBJC_ARC = YES;
				CLANG_ENABLE_OBJC_WEAK = YES;
				CLANG_WARN_BLOCK_CAPTURE_AUTORELEASING = YES;
				CLANG_WARN_BOOL_CONVERSION = YES;
				CLANG_WARN_COMMA = YES;
				CLANG_WARN_CONSTANT_CONVERSION = YES;
				CLANG_WARN_DEPRECATED_OBJC_IMPLEMENTATIONS = YES;
				CLANG_WARN_DIRECT_OBJC_ISA_USAGE = YES_ERROR;
				CLANG_WARN_DOCUMENTATION_COMMENTS = YES;
				CLANG_WARN_EMPTY_BODY = YES;
				CLANG_WARN_ENUM_CONVERSION = YES;
				CLANG_WARN_INFINITE_RECURSION = YES;
				CLANG_WARN_INT_CONVERSION = YES;
				CLANG_WARN_NON_LITERAL_NULL_CONVERSION = YES;
				CLANG_WARN_OBJC_IMPLICIT_RETAIN_SELF = YES;
				CLANG_WARN_OBJC_LITERAL_CONVERSION = YES;
				CLANG_WARN_OBJC_ROOT_CLASS = YES_ERROR;
				CLANG_WARN_QUOTED_INCLUDE_IN_FRAMEWORK_HEADER = YES;
				CLANG_WARN_RANGE_LOOP_ANALYSIS = YES;
				CLANG_WARN_STRICT_PROTOTYPES = YES;
				CLANG_WARN_SUSPICIOUS_MOVE = YES;
				CLANG_WARN_UNGUARDED_AVAILABILITY = YES_AGGRESSIVE;
				CLANG_WARN_UNREACHABLE_CODE = YES;
				CLANG_WARN__DUPLICATE_METHOD_MATCH = YES;
				COPY_PHASE_STRIP = NO;
				DEBUG_INFORMATION_FORMAT = "dwarf-with-dsym";
				ENABLE_NS_ASSERTIONS = NO;
				ENABLE_STRICT_OBJC_MSGSEND = YES;
				GCC_C_LANGUAGE_STANDARD = gnu11;
				GCC_NO_COMMON_BLOCKS = YES;
				GCC_WARN_64_TO_32_BIT_CONVERSION = YES;
				GCC_WARN_ABOUT_RETURN_TYPE = YES_ERROR;
				GCC_WARN_UNDECLARED_SELECTOR = YES;
				GCC_WARN_UNINITIALIZED_AUTOS = YES_AGGRESSIVE;
				GCC_WARN_UNUSED_FUNCTION = YES;
				GCC_WARN_UNUSED_VARIABLE = YES;
				IPHONEOS_DEPLOYMENT_TARGET = 14.4;
				MTL_ENABLE_DEBUG_INFO = NO;
				MTL_FAST_MATH = YES;
				SDKROOT = iphoneos;
				SWIFT_COMPILATION_MODE = wholemodule;
				SWIFT_OPTIMIZATION_LEVEL = "-O";
				VALIDATE_PRODUCT = YES;
			};
			name = Release;
		};
		BE39F4EF26D9035C00912C5F /* Debug */ = {
			isa = XCBuildConfiguration;
			buildSettings = {
				ASSETCATALOG_COMPILER_APPICON_NAME = AppIcon;
				ASSETCATALOG_COMPILER_GLOBAL_ACCENT_COLOR_NAME = AccentColor;
				CODE_SIGN_STYLE = Automatic;
				DEVELOPMENT_TEAM = P75398C8MB;
				INFOPLIST_FILE = CityWeather/Info.plist;
				LD_RUNPATH_SEARCH_PATHS = (
					"$(inherited)",
					"@executable_path/Frameworks",
				);
				PRODUCT_BUNDLE_IDENTIFIER = com.okoroezenwa.CityWeather;
				PRODUCT_NAME = "$(TARGET_NAME)";
				SWIFT_VERSION = 5.0;
				TARGETED_DEVICE_FAMILY = 1;
			};
			name = Debug;
		};
		BE39F4F026D9035C00912C5F /* Release */ = {
			isa = XCBuildConfiguration;
			buildSettings = {
				ASSETCATALOG_COMPILER_APPICON_NAME = AppIcon;
				ASSETCATALOG_COMPILER_GLOBAL_ACCENT_COLOR_NAME = AccentColor;
				CODE_SIGN_STYLE = Automatic;
				DEVELOPMENT_TEAM = P75398C8MB;
				INFOPLIST_FILE = CityWeather/Info.plist;
				LD_RUNPATH_SEARCH_PATHS = (
					"$(inherited)",
					"@executable_path/Frameworks",
				);
				PRODUCT_BUNDLE_IDENTIFIER = com.okoroezenwa.CityWeather;
				PRODUCT_NAME = "$(TARGET_NAME)";
				SWIFT_VERSION = 5.0;
				TARGETED_DEVICE_FAMILY = 1;
			};
			name = Release;
		};
/* End XCBuildConfiguration section */

/* Begin XCConfigurationList section */
		BE39F4D526D9035600912C5F /* Build configuration list for PBXProject "CityWeather" */ = {
			isa = XCConfigurationList;
			buildConfigurations = (
				BE39F4EC26D9035C00912C5F /* Debug */,
				BE39F4ED26D9035C00912C5F /* Release */,
			);
			defaultConfigurationIsVisible = 0;
			defaultConfigurationName = Release;
		};
		BE39F4EE26D9035C00912C5F /* Build configuration list for PBXNativeTarget "CityWeather" */ = {
			isa = XCConfigurationList;
			buildConfigurations = (
				BE39F4EF26D9035C00912C5F /* Debug */,
				BE39F4F026D9035C00912C5F /* Release */,
			);
			defaultConfigurationIsVisible = 0;
			defaultConfigurationName = Release;
		};
/* End XCConfigurationList section */
	};
	rootObject = BE39F4D226D9035600912C5F /* Project object */;
}
